// !$*UTF8*$!
{
	archiveVersion = 1;
	classes = {
	};
	objectVersion = 50;
	objects = {

/* Begin PBXBuildFile section */
		27048BE7237F347100F05ABB /* LaunchScreen.storyboard in Resources */ = {isa = PBXBuildFile; fileRef = 27048BE1237F347100F05ABB /* LaunchScreen.storyboard */; };
		27048BE8237F347100F05ABB /* Assets.xcassets in Resources */ = {isa = PBXBuildFile; fileRef = 27048BE2237F347100F05ABB /* Assets.xcassets */; };
		27048BEA237F347100F05ABB /* SlideshowViewController.swift in Sources */ = {isa = PBXBuildFile; fileRef = 27048BE5237F347100F05ABB /* SlideshowViewController.swift */; };
		27048BEB237F347100F05ABB /* AppDelegate.swift in Sources */ = {isa = PBXBuildFile; fileRef = 27048BE6237F347100F05ABB /* AppDelegate.swift */; };
		27048BEE237F4BD800F05ABB /* SlideshowContentViewController.swift in Sources */ = {isa = PBXBuildFile; fileRef = 27048BED237F4BD800F05ABB /* SlideshowContentViewController.swift */; };
		274C85AC237F507100BEF7EB /* WelcomeViewController.swift in Sources */ = {isa = PBXBuildFile; fileRef = 274C85AB237F507100BEF7EB /* WelcomeViewController.swift */; };
		274C85AE238003F300BEF7EB /* BigButton.swift in Sources */ = {isa = PBXBuildFile; fileRef = 274C85AD238003F300BEF7EB /* BigButton.swift */; };
		274C85B0238006C200BEF7EB /* MapViewController.swift in Sources */ = {isa = PBXBuildFile; fileRef = 274C85AF238006C200BEF7EB /* MapViewController.swift */; };
/* End PBXBuildFile section */

/* Begin PBXFileReference section */
		27048BC9237F242C00F05ABB /* Junction2019.app */ = {isa = PBXFileReference; explicitFileType = wrapper.application; includeInIndex = 0; path = Junction2019.app; sourceTree = BUILT_PRODUCTS_DIR; };
		27048BE1237F347100F05ABB /* LaunchScreen.storyboard */ = {isa = PBXFileReference; fileEncoding = 4; lastKnownFileType = file.storyboard; path = LaunchScreen.storyboard; sourceTree = "<group>"; };
		27048BE2237F347100F05ABB /* Assets.xcassets */ = {isa = PBXFileReference; lastKnownFileType = folder.assetcatalog; path = Assets.xcassets; sourceTree = "<group>"; };
		27048BE3237F347100F05ABB /* Info.plist */ = {isa = PBXFileReference; fileEncoding = 4; lastKnownFileType = text.plist.xml; path = Info.plist; sourceTree = "<group>"; };
		27048BE5237F347100F05ABB /* SlideshowViewController.swift */ = {isa = PBXFileReference; fileEncoding = 4; lastKnownFileType = sourcecode.swift; path = SlideshowViewController.swift; sourceTree = "<group>"; };
		27048BE6237F347100F05ABB /* AppDelegate.swift */ = {isa = PBXFileReference; fileEncoding = 4; lastKnownFileType = sourcecode.swift; path = AppDelegate.swift; sourceTree = "<group>"; };
		27048BED237F4BD800F05ABB /* SlideshowContentViewController.swift */ = {isa = PBXFileReference; lastKnownFileType = sourcecode.swift; path = SlideshowContentViewController.swift; sourceTree = "<group>"; };
		274C85AB237F507100BEF7EB /* WelcomeViewController.swift */ = {isa = PBXFileReference; lastKnownFileType = sourcecode.swift; path = WelcomeViewController.swift; sourceTree = "<group>"; };
		274C85AD238003F300BEF7EB /* BigButton.swift */ = {isa = PBXFileReference; lastKnownFileType = sourcecode.swift; path = BigButton.swift; sourceTree = "<group>"; };
		274C85AF238006C200BEF7EB /* MapViewController.swift */ = {isa = PBXFileReference; lastKnownFileType = sourcecode.swift; path = MapViewController.swift; sourceTree = "<group>"; };
/* End PBXFileReference section */

/* Begin PBXFrameworksBuildPhase section */
		27048BC6237F242C00F05ABB /* Frameworks */ = {
			isa = PBXFrameworksBuildPhase;
			buildActionMask = 2147483647;
			files = (
			);
			runOnlyForDeploymentPostprocessing = 0;
		};
/* End PBXFrameworksBuildPhase section */

/* Begin PBXGroup section */
		27048BC0237F242C00F05ABB = {
			isa = PBXGroup;
			children = (
				27048BCB237F242C00F05ABB /* Junction2019 */,
				27048BCA237F242C00F05ABB /* Products */,
			);
			sourceTree = "<group>";
		};
		27048BCA237F242C00F05ABB /* Products */ = {
			isa = PBXGroup;
			children = (
				27048BC9237F242C00F05ABB /* Junction2019.app */,
			);
			name = Products;
			sourceTree = "<group>";
		};
		27048BCB237F242C00F05ABB /* Junction2019 */ = {
			isa = PBXGroup;
			children = (
				27048BE4237F347100F05ABB /* Code */,
				27048BE0237F347100F05ABB /* Resources */,
			);
			path = Junction2019;
			sourceTree = "<group>";
		};
		27048BE0237F347100F05ABB /* Resources */ = {
			isa = PBXGroup;
			children = (
				27048BE1237F347100F05ABB /* LaunchScreen.storyboard */,
				27048BE2237F347100F05ABB /* Assets.xcassets */,
				27048BE3237F347100F05ABB /* Info.plist */,
			);
			path = Resources;
			sourceTree = "<group>";
		};
		27048BE4237F347100F05ABB /* Code */ = {
			isa = PBXGroup;
			children = (
				27048BE6237F347100F05ABB /* AppDelegate.swift */,
				27048BE5237F347100F05ABB /* SlideshowViewController.swift */,
				27048BED237F4BD800F05ABB /* SlideshowContentViewController.swift */,
				274C85AB237F507100BEF7EB /* WelcomeViewController.swift */,
				274C85AF238006C200BEF7EB /* MapViewController.swift */,
				274C85AD238003F300BEF7EB /* BigButton.swift */,
			);
			path = Code;
			sourceTree = "<group>";
		};
/* End PBXGroup section */

/* Begin PBXNativeTarget section */
		27048BC8237F242C00F05ABB /* Junction2019 */ = {
			isa = PBXNativeTarget;
			buildConfigurationList = 27048BDD237F242F00F05ABB /* Build configuration list for PBXNativeTarget "Junction2019" */;
			buildPhases = (
				27048BC5237F242C00F05ABB /* Sources */,
				27048BC6237F242C00F05ABB /* Frameworks */,
				27048BC7237F242C00F05ABB /* Resources */,
				27048BEC237F35A000F05ABB /* Set Build Number */,
			);
			buildRules = (
			);
			dependencies = (
			);
			name = Junction2019;
			productName = Junction2019;
			productReference = 27048BC9237F242C00F05ABB /* Junction2019.app */;
			productType = "com.apple.product-type.application";
		};
/* End PBXNativeTarget section */

/* Begin PBXProject section */
		27048BC1237F242C00F05ABB /* Project object */ = {
			isa = PBXProject;
			attributes = {
				LastSwiftUpdateCheck = 1100;
				LastUpgradeCheck = 1100;
				ORGANIZATIONNAME = "Otto Otsamo";
				TargetAttributes = {
					27048BC8237F242C00F05ABB = {
						CreatedOnToolsVersion = 11.0;
					};
				};
			};
			buildConfigurationList = 27048BC4237F242C00F05ABB /* Build configuration list for PBXProject "Junction2019" */;
			compatibilityVersion = "Xcode 9.3";
			developmentRegion = en;
			hasScannedForEncodings = 0;
			knownRegions = (
				en,
				Base,
			);
			mainGroup = 27048BC0237F242C00F05ABB;
			productRefGroup = 27048BCA237F242C00F05ABB /* Products */;
			projectDirPath = "";
			projectRoot = "";
			targets = (
				27048BC8237F242C00F05ABB /* Junction2019 */,
			);
		};
/* End PBXProject section */

/* Begin PBXResourcesBuildPhase section */
		27048BC7237F242C00F05ABB /* Resources */ = {
			isa = PBXResourcesBuildPhase;
			buildActionMask = 2147483647;
			files = (
				27048BE8237F347100F05ABB /* Assets.xcassets in Resources */,
				27048BE7237F347100F05ABB /* LaunchScreen.storyboard in Resources */,
			);
			runOnlyForDeploymentPostprocessing = 0;
		};
/* End PBXResourcesBuildPhase section */

/* Begin PBXShellScriptBuildPhase section */
		27048BEC237F35A000F05ABB /* Set Build Number */ = {
			isa = PBXShellScriptBuildPhase;
			buildActionMask = 2147483647;
			files = (
			);
			inputFileListPaths = (
			);
			inputPaths = (
			);
			name = "Set Build Number";
			outputFileListPaths = (
			);
			outputPaths = (
			);
			runOnlyForDeploymentPostprocessing = 0;
			shellPath = /bin/sh;
			shellScript = "${PROJECT_DIR}/Junction2019/Scripts/set-build.sh\n";
		};
/* End PBXShellScriptBuildPhase section */

/* Begin PBXSourcesBuildPhase section */
		27048BC5237F242C00F05ABB /* Sources */ = {
			isa = PBXSourcesBuildPhase;
			buildActionMask = 2147483647;
			files = (
				27048BEE237F4BD800F05ABB /* SlideshowContentViewController.swift in Sources */,
				274C85B0238006C200BEF7EB /* MapViewController.swift in Sources */,
				274C85AC237F507100BEF7EB /* WelcomeViewController.swift in Sources */,
				27048BEB237F347100F05ABB /* AppDelegate.swift in Sources */,
				274C85AE238003F300BEF7EB /* BigButton.swift in Sources */,
				27048BEA237F347100F05ABB /* SlideshowViewController.swift in Sources */,
			);
			runOnlyForDeploymentPostprocessing = 0;
		};
/* End PBXSourcesBuildPhase section */

/* Begin XCBuildConfiguration section */
		27048BDB237F242F00F05ABB /* Debug */ = {
			isa = XCBuildConfiguration;
			buildSettings = {
				ALWAYS_SEARCH_USER_PATHS = NO;
				CLANG_ANALYZER_NONNULL = YES;
				CLANG_ANALYZER_NUMBER_OBJECT_CONVERSION = YES_AGGRESSIVE;
				CLANG_CXX_LANGUAGE_STANDARD = "gnu++14";
				CLANG_CXX_LIBRARY = "libc++";
				CLANG_ENABLE_MODULES = YES;
				CLANG_ENABLE_OBJC_ARC = YES;
				CLANG_ENABLE_OBJC_WEAK = YES;
				CLANG_WARN_BLOCK_CAPTURE_AUTORELEASING = YES;
				CLANG_WARN_BOOL_CONVERSION = YES;
				CLANG_WARN_COMMA = YES;
				CLANG_WARN_CONSTANT_CONVERSION = YES;
				CLANG_WARN_DEPRECATED_OBJC_IMPLEMENTATIONS = YES;
				CLANG_WARN_DIRECT_OBJC_ISA_USAGE = YES_ERROR;
				CLANG_WARN_DOCUMENTATION_COMMENTS = YES;
				CLANG_WARN_EMPTY_BODY = YES;
				CLANG_WARN_ENUM_CONVERSION = YES;
				CLANG_WARN_INFINITE_RECURSION = YES;
				CLANG_WARN_INT_CONVERSION = YES;
				CLANG_WARN_NON_LITERAL_NULL_CONVERSION = YES;
				CLANG_WARN_OBJC_IMPLICIT_RETAIN_SELF = YES;
				CLANG_WARN_OBJC_LITERAL_CONVERSION = YES;
				CLANG_WARN_OBJC_ROOT_CLASS = YES_ERROR;
				CLANG_WARN_RANGE_LOOP_ANALYSIS = YES;
				CLANG_WARN_STRICT_PROTOTYPES = YES;
				CLANG_WARN_SUSPICIOUS_MOVE = YES;
				CLANG_WARN_UNGUARDED_AVAILABILITY = YES_AGGRESSIVE;
				CLANG_WARN_UNREACHABLE_CODE = YES;
				CLANG_WARN__DUPLICATE_METHOD_MATCH = YES;
				COPY_PHASE_STRIP = NO;
				DEBUG_INFORMATION_FORMAT = dwarf;
				ENABLE_STRICT_OBJC_MSGSEND = YES;
				ENABLE_TESTABILITY = YES;
				GCC_C_LANGUAGE_STANDARD = gnu11;
				GCC_DYNAMIC_NO_PIC = NO;
				GCC_NO_COMMON_BLOCKS = YES;
				GCC_OPTIMIZATION_LEVEL = 0;
				GCC_PREPROCESSOR_DEFINITIONS = (
					"DEBUG=1",
					"$(inherited)",
				);
				GCC_WARN_64_TO_32_BIT_CONVERSION = YES;
				GCC_WARN_ABOUT_RETURN_TYPE = YES_ERROR;
				GCC_WARN_UNDECLARED_SELECTOR = YES;
				GCC_WARN_UNINITIALIZED_AUTOS = YES_AGGRESSIVE;
				GCC_WARN_UNUSED_FUNCTION = YES;
				GCC_WARN_UNUSED_VARIABLE = YES;
				IPHONEOS_DEPLOYMENT_TARGET = 13.0;
				MTL_ENABLE_DEBUG_INFO = INCLUDE_SOURCE;
				MTL_FAST_MATH = YES;
				ONLY_ACTIVE_ARCH = YES;
				SDKROOT = iphoneos;
				SWIFT_ACTIVE_COMPILATION_CONDITIONS = DEBUG;
				SWIFT_OPTIMIZATION_LEVEL = "-Onone";
			};
			name = Debug;
		};
		27048BDC237F242F00F05ABB /* Release */ = {
			isa = XCBuildConfiguration;
			buildSettings = {
				ALWAYS_SEARCH_USER_PATHS = NO;
				CLANG_ANALYZER_NONNULL = YES;
				CLANG_ANALYZER_NUMBER_OBJECT_CONVERSION = YES_AGGRESSIVE;
				CLANG_CXX_LANGUAGE_STANDARD = "gnu++14";
				CLANG_CXX_LIBRARY = "libc++";
				CLANG_ENABLE_MODULES = YES;
				CLANG_ENABLE_OBJC_ARC = YES;
				CLANG_ENABLE_OBJC_WEAK = YES;
				CLANG_WARN_BLOCK_CAPTURE_AUTORELEASING = YES;
				CLANG_WARN_BOOL_CONVERSION = YES;
				CLANG_WARN_COMMA = YES;
				CLANG_WARN_CONSTANT_CONVERSION = YES;
				CLANG_WARN_DEPRECATED_OBJC_IMPLEMENTATIONS = YES;
				CLANG_WARN_DIRECT_OBJC_ISA_USAGE = YES_ERROR;
				CLANG_WARN_DOCUMENTATION_COMMENTS = YES;
				CLANG_WARN_EMPTY_BODY = YES;
				CLANG_WARN_ENUM_CONVERSION = YES;
				CLANG_WARN_INFINITE_RECURSION = YES;
				CLANG_WARN_INT_CONVERSION = YES;
				CLANG_WARN_NON_LITERAL_NULL_CONVERSION = YES;
				CLANG_WARN_OBJC_IMPLICIT_RETAIN_SELF = YES;
				CLANG_WARN_OBJC_LITERAL_CONVERSION = YES;
				CLANG_WARN_OBJC_ROOT_CLASS = YES_ERROR;
				CLANG_WARN_RANGE_LOOP_ANALYSIS = YES;
				CLANG_WARN_STRICT_PROTOTYPES = YES;
				CLANG_WARN_SUSPICIOUS_MOVE = YES;
				CLANG_WARN_UNGUARDED_AVAILABILITY = YES_AGGRESSIVE;
				CLANG_WARN_UNREACHABLE_CODE = YES;
				CLANG_WARN__DUPLICATE_METHOD_MATCH = YES;
				COPY_PHASE_STRIP = NO;
				DEBUG_INFORMATION_FORMAT = "dwarf-with-dsym";
				ENABLE_NS_ASSERTIONS = NO;
				ENABLE_STRICT_OBJC_MSGSEND = YES;
				GCC_C_LANGUAGE_STANDARD = gnu11;
				GCC_NO_COMMON_BLOCKS = YES;
				GCC_WARN_64_TO_32_BIT_CONVERSION = YES;
				GCC_WARN_ABOUT_RETURN_TYPE = YES_ERROR;
				GCC_WARN_UNDECLARED_SELECTOR = YES;
				GCC_WARN_UNINITIALIZED_AUTOS = YES_AGGRESSIVE;
				GCC_WARN_UNUSED_FUNCTION = YES;
				GCC_WARN_UNUSED_VARIABLE = YES;
				IPHONEOS_DEPLOYMENT_TARGET = 13.0;
				MTL_ENABLE_DEBUG_INFO = NO;
				MTL_FAST_MATH = YES;
				SDKROOT = iphoneos;
				SWIFT_COMPILATION_MODE = wholemodule;
				SWIFT_OPTIMIZATION_LEVEL = "-O";
				VALIDATE_PRODUCT = YES;
			};
			name = Release;
		};
		27048BDE237F242F00F05ABB /* Debug */ = {
			isa = XCBuildConfiguration;
			buildSettings = {
				ASSETCATALOG_COMPILER_APPICON_NAME = AppIcon;
				CODE_SIGN_STYLE = Automatic;
				DEVELOPMENT_TEAM = VSAP3MLLCD;
				INFOPLIST_FILE = Junction2019/Resources/Info.plist;
				IPHONEOS_DEPLOYMENT_TARGET = 13.0;
				LD_RUNPATH_SEARCH_PATHS = (
					"$(inherited)",
					"@executable_path/Frameworks",
				);
				MARKETING_VERSION = 0.1;
				PRODUCT_BUNDLE_IDENTIFIER = com.ootsamo.Junction2019;
				PRODUCT_NAME = "$(TARGET_NAME)";
				SWIFT_VERSION = 5.0;
				TARGETED_DEVICE_FAMILY = "1,2";
			};
			name = Debug;
		};
		27048BDF237F242F00F05ABB /* Release */ = {
			isa = XCBuildConfiguration;
			buildSettings = {
				ASSETCATALOG_COMPILER_APPICON_NAME = AppIcon;
				CODE_SIGN_STYLE = Automatic;
				DEVELOPMENT_TEAM = VSAP3MLLCD;
				INFOPLIST_FILE = Junction2019/Resources/Info.plist;
				IPHONEOS_DEPLOYMENT_TARGET = 13.0;
				LD_RUNPATH_SEARCH_PATHS = (
					"$(inherited)",
					"@executable_path/Frameworks",
				);
				MARKETING_VERSION = 0.1;
				PRODUCT_BUNDLE_IDENTIFIER = com.ootsamo.Junction2019;
				PRODUCT_NAME = "$(TARGET_NAME)";
				SWIFT_VERSION = 5.0;
				TARGETED_DEVICE_FAMILY = "1,2";
			};
			name = Release;
		};
/* End XCBuildConfiguration section */

/* Begin XCConfigurationList section */
		27048BC4237F242C00F05ABB /* Build configuration list for PBXProject "Junction2019" */ = {
			isa = XCConfigurationList;
			buildConfigurations = (
				27048BDB237F242F00F05ABB /* Debug */,
				27048BDC237F242F00F05ABB /* Release */,
			);
			defaultConfigurationIsVisible = 0;
			defaultConfigurationName = Release;
		};
		27048BDD237F242F00F05ABB /* Build configuration list for PBXNativeTarget "Junction2019" */ = {
			isa = XCConfigurationList;
			buildConfigurations = (
				27048BDE237F242F00F05ABB /* Debug */,
				27048BDF237F242F00F05ABB /* Release */,
			);
			defaultConfigurationIsVisible = 0;
			defaultConfigurationName = Release;
		};
/* End XCConfigurationList section */
	};
	rootObject = 27048BC1237F242C00F05ABB /* Project object */;
}
